
Microsoft Visual Studio Solution File, Format Version 12.00
# Visual Studio Version 16
VisualStudioVersion = 16.0.30907.101
MinimumVisualStudioVersion = 10.0.40219.1
Project("{FAE04EC0-301F-11D3-BF4B-00C04F79EFBC}") = "DataAccess", "DataAccess\DataAccess.csproj", "{69B0DC99-6561-4BC7-AA8F-02367EEDB056}"
EndProject
Project("{FAE04EC0-301F-11D3-BF4B-00C04F79EFBC}") = "Business", "Business\Business.csproj", "{72B649DA-E3F3-4591-A04C-921B0B5CE717}"
EndProject
Project("{FAE04EC0-301F-11D3-BF4B-00C04F79EFBC}") = "Entities", "Entities\Entities.csproj", "{928FFC8D-F881-4AA7-B17B-28194B220EC7}"
EndProject
Project("{FAE04EC0-301F-11D3-BF4B-00C04F79EFBC}") = "ConsoleUI", "ConsoleUI\ConsoleUI.csproj", "{FF1D15B9-6E77-4757-827F-31127E942130}"
EndProject
Global
	GlobalSection(SolutionConfigurationPlatforms) = preSolution
		Debug|Any CPU = Debug|Any CPU
		Release|Any CPU = Release|Any CPU
	EndGlobalSection
	GlobalSection(ProjectConfigurationPlatforms) = postSolution
		{69B0DC99-6561-4BC7-AA8F-02367EEDB056}.Debug|Any CPU.ActiveCfg = Debug|Any CPU
		{69B0DC99-6561-4BC7-AA8F-02367EEDB056}.Debug|Any CPU.Build.0 = Debug|Any CPU
		{69B0DC99-6561-4BC7-AA8F-02367EEDB056}.Release|Any CPU.ActiveCfg = Release|Any CPU
		{69B0DC99-6561-4BC7-AA8F-02367EEDB056}.Release|Any CPU.Build.0 = Release|Any CPU
		{72B649DA-E3F3-4591-A04C-921B0B5CE717}.Debug|Any CPU.ActiveCfg = Debug|Any CPU
		{72B649DA-E3F3-4591-A04C-921B0B5CE717}.Debug|Any CPU.Build.0 = Debug|Any CPU
		{72B649DA-E3F3-4591-A04C-921B0B5CE717}.Release|Any CPU.ActiveCfg = Release|Any CPU
		{72B649DA-E3F3-4591-A04C-921B0B5CE717}.Release|Any CPU.Build.0 = Release|Any CPU
		{928FFC8D-F881-4AA7-B17B-28194B220EC7}.Debug|Any CPU.ActiveCfg = Debug|Any CPU
		{928FFC8D-F881-4AA7-B17B-28194B220EC7}.Debug|Any CPU.Build.0 = Debug|Any CPU
		{928FFC8D-F881-4AA7-B17B-28194B220EC7}.Release|Any CPU.ActiveCfg = Release|Any CPU
		{928FFC8D-F881-4AA7-B17B-28194B220EC7}.Release|Any CPU.Build.0 = Release|Any CPU
		{FF1D15B9-6E77-4757-827F-31127E942130}.Debug|Any CPU.ActiveCfg = Debug|Any CPU
		{FF1D15B9-6E77-4757-827F-31127E942130}.Debug|Any CPU.Build.0 = Debug|Any CPU
		{FF1D15B9-6E77-4757-827F-31127E942130}.Release|Any CPU.ActiveCfg = Release|Any CPU
		{FF1D15B9-6E77-4757-827F-31127E942130}.Release|Any CPU.Build.0 = Release|Any CPU
	EndGlobalSection
	GlobalSection(SolutionProperties) = preSolution
		HideSolutionNode = FALSE
	EndGlobalSection
	GlobalSection(ExtensibilityGlobals) = postSolution
		SolutionGuid = {AD8C0F7A-D1F1-4676-924A-DD35874C1EA3}
	EndGlobalSection
EndGlobal
